
Microsoft Visual Studio Solution File, Format Version 12.00
# Visual Studio 2015
Project("{FAE04EC0-301F-11D3-BF4B-00C04F79EFBC}") = "ThereAreNoBugs", "ThereAreNoBugs.csproj", "{C72D8ACE-599F-FF71-F37C-31927AB6DE69}"
EndProject
Project("{FAE04EC0-301F-11D3-BF4B-00C04F79EFBC}") = "ThereAreNoBugs.Editor", "ThereAreNoBugs.Editor.csproj", "{06F00534-9846-F2A0-06EE-3C1EC964E76E}"
EndProject
Global
	GlobalSection(SolutionConfigurationPlatforms) = preSolution
		Debug|Any CPU = Debug|Any CPU
		Release|Any CPU = Release|Any CPU
	EndGlobalSection
	GlobalSection(ProjectConfigurationPlatforms) = postSolution
		{C72D8ACE-599F-FF71-F37C-31927AB6DE69}.Debug|Any CPU.ActiveCfg = Debug|Any CPU
		{C72D8ACE-599F-FF71-F37C-31927AB6DE69}.Debug|Any CPU.Build.0 = Debug|Any CPU
		{C72D8ACE-599F-FF71-F37C-31927AB6DE69}.Release|Any CPU.ActiveCfg = Release|Any CPU
		{C72D8ACE-599F-FF71-F37C-31927AB6DE69}.Release|Any CPU.Build.0 = Release|Any CPU
		{06F00534-9846-F2A0-06EE-3C1EC964E76E}.Debug|Any CPU.ActiveCfg = Debug|Any CPU
		{06F00534-9846-F2A0-06EE-3C1EC964E76E}.Debug|Any CPU.Build.0 = Debug|Any CPU
		{06F00534-9846-F2A0-06EE-3C1EC964E76E}.Release|Any CPU.ActiveCfg = Release|Any CPU
		{06F00534-9846-F2A0-06EE-3C1EC964E76E}.Release|Any CPU.Build.0 = Release|Any CPU
	EndGlobalSection
	GlobalSection(SolutionProperties) = preSolution
		HideSolutionNode = FALSE
	EndGlobalSection
EndGlobal
